// !$*UTF8*$!
{
	archiveVersion = 1;
	classes = {
	};
	objectVersion = 46;
	objects = {

/* Begin PBXBuildFile section */
		4743DD1C19AEBC9E006207B2 /* AppDelegate.swift in Sources */ = {isa = PBXBuildFile; fileRef = 4743DD1B19AEBC9E006207B2 /* AppDelegate.swift */; };
		4743DD1E19AEBC9E006207B2 /* ViewController.swift in Sources */ = {isa = PBXBuildFile; fileRef = 4743DD1D19AEBC9E006207B2 /* ViewController.swift */; };
		4743DD2119AEBC9E006207B2 /* Main.storyboard in Resources */ = {isa = PBXBuildFile; fileRef = 4743DD1F19AEBC9E006207B2 /* Main.storyboard */; };
		4743DD2319AEBC9E006207B2 /* Images.xcassets in Resources */ = {isa = PBXBuildFile; fileRef = 4743DD2219AEBC9E006207B2 /* Images.xcassets */; };
		4743DD2F19AEBC9E006207B2 /* SwiftMPNowPlayingInfoCenterSampleTests.swift in Sources */ = {isa = PBXBuildFile; fileRef = 4743DD2E19AEBC9E006207B2 /* SwiftMPNowPlayingInfoCenterSampleTests.swift */; };
		4743DD3919AEBCED006207B2 /* Player.swift in Sources */ = {isa = PBXBuildFile; fileRef = 4743DD3819AEBCED006207B2 /* Player.swift */; };
/* End PBXBuildFile section */

/* Begin PBXContainerItemProxy section */
		4743DD2919AEBC9E006207B2 /* PBXContainerItemProxy */ = {
			isa = PBXContainerItemProxy;
			containerPortal = 4743DD0E19AEBC9E006207B2 /* Project object */;
			proxyType = 1;
			remoteGlobalIDString = 4743DD1519AEBC9E006207B2;
			remoteInfo = SwiftMPNowPlayingInfoCenterSample;
		};
/* End PBXContainerItemProxy section */

/* Begin PBXFileReference section */
		4743DD1619AEBC9E006207B2 /* SwiftMPNowPlayingInfoCenterSample.app */ = {isa = PBXFileReference; explicitFileType = wrapper.application; includeInIndex = 0; path = SwiftMPNowPlayingInfoCenterSample.app; sourceTree = BUILT_PRODUCTS_DIR; };
		4743DD1A19AEBC9E006207B2 /* Info.plist */ = {isa = PBXFileReference; lastKnownFileType = text.plist.xml; path = Info.plist; sourceTree = "<group>"; };
		4743DD1B19AEBC9E006207B2 /* AppDelegate.swift */ = {isa = PBXFileReference; lastKnownFileType = sourcecode.swift; path = AppDelegate.swift; sourceTree = "<group>"; };
		4743DD1D19AEBC9E006207B2 /* ViewController.swift */ = {isa = PBXFileReference; lastKnownFileType = sourcecode.swift; path = ViewController.swift; sourceTree = "<group>"; };
		4743DD2019AEBC9E006207B2 /* Base */ = {isa = PBXFileReference; lastKnownFileType = file.storyboard; name = Base; path = Base.lproj/Main.storyboard; sourceTree = "<group>"; };
		4743DD2219AEBC9E006207B2 /* Images.xcassets */ = {isa = PBXFileReference; lastKnownFileType = folder.assetcatalog; path = Images.xcassets; sourceTree = "<group>"; };
		4743DD2819AEBC9E006207B2 /* SwiftMPNowPlayingInfoCenterSampleTests.xctest */ = {isa = PBXFileReference; explicitFileType = wrapper.cfbundle; includeInIndex = 0; path = SwiftMPNowPlayingInfoCenterSampleTests.xctest; sourceTree = BUILT_PRODUCTS_DIR; };
		4743DD2D19AEBC9E006207B2 /* Info.plist */ = {isa = PBXFileReference; lastKnownFileType = text.plist.xml; path = Info.plist; sourceTree = "<group>"; };
		4743DD2E19AEBC9E006207B2 /* SwiftMPNowPlayingInfoCenterSampleTests.swift */ = {isa = PBXFileReference; lastKnownFileType = sourcecode.swift; path = SwiftMPNowPlayingInfoCenterSampleTests.swift; sourceTree = "<group>"; };
		4743DD3819AEBCED006207B2 /* Player.swift */ = {isa = PBXFileReference; fileEncoding = 4; lastKnownFileType = sourcecode.swift; path = Player.swift; sourceTree = "<group>"; };
/* End PBXFileReference section */

/* Begin PBXFrameworksBuildPhase section */
		4743DD1319AEBC9E006207B2 /* Frameworks */ = {
			isa = PBXFrameworksBuildPhase;
			buildActionMask = 2147483647;
			files = (
			);
			runOnlyForDeploymentPostprocessing = 0;
		};
		4743DD2519AEBC9E006207B2 /* Frameworks */ = {
			isa = PBXFrameworksBuildPhase;
			buildActionMask = 2147483647;
			files = (
			);
			runOnlyForDeploymentPostprocessing = 0;
		};
/* End PBXFrameworksBuildPhase section */

/* Begin PBXGroup section */
		4743DD0D19AEBC9E006207B2 = {
			isa = PBXGroup;
			children = (
				4743DD1819AEBC9E006207B2 /* SwiftMPNowPlayingInfoCenterSample */,
				4743DD2B19AEBC9E006207B2 /* SwiftMPNowPlayingInfoCenterSampleTests */,
				4743DD1719AEBC9E006207B2 /* Products */,
			);
			sourceTree = "<group>";
		};
		4743DD1719AEBC9E006207B2 /* Products */ = {
			isa = PBXGroup;
			children = (
				4743DD1619AEBC9E006207B2 /* SwiftMPNowPlayingInfoCenterSample.app */,
				4743DD2819AEBC9E006207B2 /* SwiftMPNowPlayingInfoCenterSampleTests.xctest */,
			);
			name = Products;
			sourceTree = "<group>";
		};
		4743DD1819AEBC9E006207B2 /* SwiftMPNowPlayingInfoCenterSample */ = {
			isa = PBXGroup;
			children = (
				4743DD1B19AEBC9E006207B2 /* AppDelegate.swift */,
				4743DD2219AEBC9E006207B2 /* Images.xcassets */,
				4743DD1F19AEBC9E006207B2 /* Main.storyboard */,
				4743DD3819AEBCED006207B2 /* Player.swift */,
				4743DD1919AEBC9E006207B2 /* Supporting Files */,
				4743DD1D19AEBC9E006207B2 /* ViewController.swift */,
			);
			path = SwiftMPNowPlayingInfoCenterSample;
			sourceTree = "<group>";
		};
		4743DD1919AEBC9E006207B2 /* Supporting Files */ = {
			isa = PBXGroup;
			children = (
				4743DD1A19AEBC9E006207B2 /* Info.plist */,
			);
			name = "Supporting Files";
			sourceTree = "<group>";
		};
		4743DD2B19AEBC9E006207B2 /* SwiftMPNowPlayingInfoCenterSampleTests */ = {
			isa = PBXGroup;
			children = (
				4743DD2E19AEBC9E006207B2 /* SwiftMPNowPlayingInfoCenterSampleTests.swift */,
				4743DD2C19AEBC9E006207B2 /* Supporting Files */,
			);
			path = SwiftMPNowPlayingInfoCenterSampleTests;
			sourceTree = "<group>";
		};
		4743DD2C19AEBC9E006207B2 /* Supporting Files */ = {
			isa = PBXGroup;
			children = (
				4743DD2D19AEBC9E006207B2 /* Info.plist */,
			);
			name = "Supporting Files";
			sourceTree = "<group>";
		};
/* End PBXGroup section */

/* Begin PBXNativeTarget section */
		4743DD1519AEBC9E006207B2 /* SwiftMPNowPlayingInfoCenterSample */ = {
			isa = PBXNativeTarget;
			buildConfigurationList = 4743DD3219AEBC9E006207B2 /* Build configuration list for PBXNativeTarget "SwiftMPNowPlayingInfoCenterSample" */;
			buildPhases = (
				4743DD1219AEBC9E006207B2 /* Sources */,
				4743DD1319AEBC9E006207B2 /* Frameworks */,
				4743DD1419AEBC9E006207B2 /* Resources */,
			);
			buildRules = (
			);
			dependencies = (
			);
			name = SwiftMPNowPlayingInfoCenterSample;
			productName = SwiftMPNowPlayingInfoCenterSample;
			productReference = 4743DD1619AEBC9E006207B2 /* SwiftMPNowPlayingInfoCenterSample.app */;
			productType = "com.apple.product-type.application";
		};
		4743DD2719AEBC9E006207B2 /* SwiftMPNowPlayingInfoCenterSampleTests */ = {
			isa = PBXNativeTarget;
			buildConfigurationList = 4743DD3519AEBC9E006207B2 /* Build configuration list for PBXNativeTarget "SwiftMPNowPlayingInfoCenterSampleTests" */;
			buildPhases = (
				4743DD2419AEBC9E006207B2 /* Sources */,
				4743DD2519AEBC9E006207B2 /* Frameworks */,
				4743DD2619AEBC9E006207B2 /* Resources */,
			);
			buildRules = (
			);
			dependencies = (
				4743DD2A19AEBC9E006207B2 /* PBXTargetDependency */,
			);
			name = SwiftMPNowPlayingInfoCenterSampleTests;
			productName = SwiftMPNowPlayingInfoCenterSampleTests;
			productReference = 4743DD2819AEBC9E006207B2 /* SwiftMPNowPlayingInfoCenterSampleTests.xctest */;
			productType = "com.apple.product-type.bundle.unit-test";
		};
/* End PBXNativeTarget section */

/* Begin PBXProject section */
		4743DD0E19AEBC9E006207B2 /* Project object */ = {
			isa = PBXProject;
			attributes = {
				LastUpgradeCheck = 0600;
				ORGANIZATIONNAME = Tempus.ORG;
				TargetAttributes = {
					4743DD1519AEBC9E006207B2 = {
						CreatedOnToolsVersion = 6.0;
					};
					4743DD2719AEBC9E006207B2 = {
						CreatedOnToolsVersion = 6.0;
						TestTargetID = 4743DD1519AEBC9E006207B2;
					};
				};
			};
			buildConfigurationList = 4743DD1119AEBC9E006207B2 /* Build configuration list for PBXProject "SwiftMPNowPlayingInfoCenterSample" */;
			compatibilityVersion = "Xcode 3.2";
			developmentRegion = English;
			hasScannedForEncodings = 0;
			knownRegions = (
				en,
				Base,
			);
			mainGroup = 4743DD0D19AEBC9E006207B2;
			productRefGroup = 4743DD1719AEBC9E006207B2 /* Products */;
			projectDirPath = "";
			projectRoot = "";
			targets = (
				4743DD1519AEBC9E006207B2 /* SwiftMPNowPlayingInfoCenterSample */,
				4743DD2719AEBC9E006207B2 /* SwiftMPNowPlayingInfoCenterSampleTests */,
			);
		};
/* End PBXProject section */

/* Begin PBXResourcesBuildPhase section */
		4743DD1419AEBC9E006207B2 /* Resources */ = {
			isa = PBXResourcesBuildPhase;
			buildActionMask = 2147483647;
			files = (
				4743DD2119AEBC9E006207B2 /* Main.storyboard in Resources */,
				4743DD2319AEBC9E006207B2 /* Images.xcassets in Resources */,
			);
			runOnlyForDeploymentPostprocessing = 0;
		};
		4743DD2619AEBC9E006207B2 /* Resources */ = {
			isa = PBXResourcesBuildPhase;
			buildActionMask = 2147483647;
			files = (
			);
			runOnlyForDeploymentPostprocessing = 0;
		};
/* End PBXResourcesBuildPhase section */

/* Begin PBXSourcesBuildPhase section */
		4743DD1219AEBC9E006207B2 /* Sources */ = {
			isa = PBXSourcesBuildPhase;
			buildActionMask = 2147483647;
			files = (
				4743DD1E19AEBC9E006207B2 /* ViewController.swift in Sources */,
				4743DD3919AEBCED006207B2 /* Player.swift in Sources */,
				4743DD1C19AEBC9E006207B2 /* AppDelegate.swift in Sources */,
			);
			runOnlyForDeploymentPostprocessing = 0;
		};
		4743DD2419AEBC9E006207B2 /* Sources */ = {
			isa = PBXSourcesBuildPhase;
			buildActionMask = 2147483647;
			files = (
				4743DD2F19AEBC9E006207B2 /* SwiftMPNowPlayingInfoCenterSampleTests.swift in Sources */,
			);
			runOnlyForDeploymentPostprocessing = 0;
		};
/* End PBXSourcesBuildPhase section */

/* Begin PBXTargetDependency section */
		4743DD2A19AEBC9E006207B2 /* PBXTargetDependency */ = {
			isa = PBXTargetDependency;
			target = 4743DD1519AEBC9E006207B2 /* SwiftMPNowPlayingInfoCenterSample */;
			targetProxy = 4743DD2919AEBC9E006207B2 /* PBXContainerItemProxy */;
		};
/* End PBXTargetDependency section */

/* Begin PBXVariantGroup section */
		4743DD1F19AEBC9E006207B2 /* Main.storyboard */ = {
			isa = PBXVariantGroup;
			children = (
				4743DD2019AEBC9E006207B2 /* Base */,
			);
			name = Main.storyboard;
			sourceTree = "<group>";
		};
/* End PBXVariantGroup section */

/* Begin XCBuildConfiguration section */
		4743DD3019AEBC9E006207B2 /* Debug */ = {
			isa = XCBuildConfiguration;
			buildSettings = {
				ALWAYS_SEARCH_USER_PATHS = NO;
				CLANG_CXX_LANGUAGE_STANDARD = "gnu++0x";
				CLANG_CXX_LIBRARY = "libc++";
				CLANG_ENABLE_MODULES = YES;
				CLANG_ENABLE_OBJC_ARC = YES;
				CLANG_WARN_BOOL_CONVERSION = YES;
				CLANG_WARN_CONSTANT_CONVERSION = YES;
				CLANG_WARN_DIRECT_OBJC_ISA_USAGE = YES_ERROR;
				CLANG_WARN_EMPTY_BODY = YES;
				CLANG_WARN_ENUM_CONVERSION = YES;
				CLANG_WARN_INT_CONVERSION = YES;
				CLANG_WARN_OBJC_ROOT_CLASS = YES_ERROR;
				CLANG_WARN_UNREACHABLE_CODE = YES;
				CLANG_WARN__DUPLICATE_METHOD_MATCH = YES;
				"CODE_SIGN_IDENTITY[sdk=iphoneos*]" = "iPhone Developer";
				COPY_PHASE_STRIP = NO;
				ENABLE_STRICT_OBJC_MSGSEND = YES;
				GCC_C_LANGUAGE_STANDARD = gnu99;
				GCC_DYNAMIC_NO_PIC = NO;
				GCC_OPTIMIZATION_LEVEL = 0;
				GCC_PREPROCESSOR_DEFINITIONS = (
					"DEBUG=1",
					"$(inherited)",
				);
				GCC_SYMBOLS_PRIVATE_EXTERN = NO;
				GCC_WARN_64_TO_32_BIT_CONVERSION = YES;
				GCC_WARN_ABOUT_RETURN_TYPE = YES_ERROR;
				GCC_WARN_UNDECLARED_SELECTOR = YES;
				GCC_WARN_UNINITIALIZED_AUTOS = YES_AGGRESSIVE;
				GCC_WARN_UNUSED_FUNCTION = YES;
				GCC_WARN_UNUSED_VARIABLE = YES;
				IPHONEOS_DEPLOYMENT_TARGET = 8.0;
				MTL_ENABLE_DEBUG_INFO = YES;
				ONLY_ACTIVE_ARCH = YES;
				SDKROOT = iphoneos;
				SWIFT_OPTIMIZATION_LEVEL = "-Onone";
			};
			name = Debug;
		};
		4743DD3119AEBC9E006207B2 /* Release */ = {
			isa = XCBuildConfiguration;
			buildSettings = {
				ALWAYS_SEARCH_USER_PATHS = NO;
				CLANG_CXX_LANGUAGE_STANDARD = "gnu++0x";
				CLANG_CXX_LIBRARY = "libc++";
				CLANG_ENABLE_MODULES = YES;
				CLANG_ENABLE_OBJC_ARC = YES;
				CLANG_WARN_BOOL_CONVERSION = YES;
				CLANG_WARN_CONSTANT_CONVERSION = YES;
				CLANG_WARN_DIRECT_OBJC_ISA_USAGE = YES_ERROR;
				CLANG_WARN_EMPTY_BODY = YES;
				CLANG_WARN_ENUM_CONVERSION = YES;
				CLANG_WARN_INT_CONVERSION = YES;
				CLANG_WARN_OBJC_ROOT_CLASS = YES_ERROR;
				CLANG_WARN_UNREACHABLE_CODE = YES;
				CLANG_WARN__DUPLICATE_METHOD_MATCH = YES;
				"CODE_SIGN_IDENTITY[sdk=iphoneos*]" = "iPhone Developer";
				COPY_PHASE_STRIP = YES;
				ENABLE_NS_ASSERTIONS = NO;
				ENABLE_STRICT_OBJC_MSGSEND = YES;
				GCC_C_LANGUAGE_STANDARD = gnu99;
				GCC_WARN_64_TO_32_BIT_CONVERSION = YES;
				GCC_WARN_ABOUT_RETURN_TYPE = YES_ERROR;
				GCC_WARN_UNDECLARED_SELECTOR = YES;
				GCC_WARN_UNINITIALIZED_AUTOS = YES_AGGRESSIVE;
				GCC_WARN_UNUSED_FUNCTION = YES;
				GCC_WARN_UNUSED_VARIABLE = YES;
				IPHONEOS_DEPLOYMENT_TARGET = 8.0;
				MTL_ENABLE_DEBUG_INFO = NO;
				SDKROOT = iphoneos;
				VALIDATE_PRODUCT = YES;
			};
			name = Release;
		};
		4743DD3319AEBC9E006207B2 /* Debug */ = {
			isa = XCBuildConfiguration;
			buildSettings = {
				ASSETCATALOG_COMPILER_APPICON_NAME = AppIcon;
				ASSETCATALOG_COMPILER_LAUNCHIMAGE_NAME = LaunchImage;
				INFOPLIST_FILE = SwiftMPNowPlayingInfoCenterSample/Info.plist;
				LD_RUNPATH_SEARCH_PATHS = "$(inherited) @executable_path/Frameworks";
				PRODUCT_NAME = "$(TARGET_NAME)";
			};
			name = Debug;
		};
		4743DD3419AEBC9E006207B2 /* Release */ = {
			isa = XCBuildConfiguration;
			buildSettings = {
				ASSETCATALOG_COMPILER_APPICON_NAME = AppIcon;
				ASSETCATALOG_COMPILER_LAUNCHIMAGE_NAME = LaunchImage;
				INFOPLIST_FILE = SwiftMPNowPlayingInfoCenterSample/Info.plist;
				LD_RUNPATH_SEARCH_PATHS = "$(inherited) @executable_path/Frameworks";
				PRODUCT_NAME = "$(TARGET_NAME)";
			};
			name = Release;
		};
		4743DD3619AEBC9E006207B2 /* Debug */ = {
			isa = XCBuildConfiguration;
			buildSettings = {
				BUNDLE_LOADER = "$(TEST_HOST)";
				FRAMEWORK_SEARCH_PATHS = (
					"$(SDKROOT)/Developer/Library/Frameworks",
					"$(inherited)",
				);
				GCC_PREPROCESSOR_DEFINITIONS = (
					"DEBUG=1",
					"$(inherited)",
				);
				INFOPLIST_FILE = SwiftMPNowPlayingInfoCenterSampleTests/Info.plist;
				LD_RUNPATH_SEARCH_PATHS = "$(inherited) @executable_path/Frameworks @loader_path/Frameworks";
				PRODUCT_NAME = "$(TARGET_NAME)";
				TEST_HOST = "$(BUILT_PRODUCTS_DIR)/SwiftMPNowPlayingInfoCenterSample.app/SwiftMPNowPlayingInfoCenterSample";
			};
			name = Debug;
		};
		4743DD3719AEBC9E006207B2 /* Release */ = {
			isa = XCBuildConfiguration;
			buildSettings = {
				BUNDLE_LOADER = "$(TEST_HOST)";
				FRAMEWORK_SEARCH_PATHS = (
					"$(SDKROOT)/Developer/Library/Frameworks",
					"$(inherited)",
				);
				INFOPLIST_FILE = SwiftMPNowPlayingInfoCenterSampleTests/Info.plist;
				LD_RUNPATH_SEARCH_PATHS = "$(inherited) @executable_path/Frameworks @loader_path/Frameworks";
				PRODUCT_NAME = "$(TARGET_NAME)";
				TEST_HOST = "$(BUILT_PRODUCTS_DIR)/SwiftMPNowPlayingInfoCenterSample.app/SwiftMPNowPlayingInfoCenterSample";
			};
			name = Release;
		};
/* End XCBuildConfiguration section */

/* Begin XCConfigurationList section */
		4743DD1119AEBC9E006207B2 /* Build configuration list for PBXProject "SwiftMPNowPlayingInfoCenterSample" */ = {
			isa = XCConfigurationList;
			buildConfigurations = (
				4743DD3019AEBC9E006207B2 /* Debug */,
				4743DD3119AEBC9E006207B2 /* Release */,
			);
			defaultConfigurationIsVisible = 0;
			defaultConfigurationName = Release;
		};
		4743DD3219AEBC9E006207B2 /* Build configuration list for PBXNativeTarget "SwiftMPNowPlayingInfoCenterSample" */ = {
			isa = XCConfigurationList;
			buildConfigurations = (
				4743DD3319AEBC9E006207B2 /* Debug */,
				4743DD3419AEBC9E006207B2 /* Release */,
			);
			defaultConfigurationIsVisible = 0;
		};
		4743DD3519AEBC9E006207B2 /* Build configuration list for PBXNativeTarget "SwiftMPNowPlayingInfoCenterSampleTests" */ = {
			isa = XCConfigurationList;
			buildConfigurations = (
				4743DD3619AEBC9E006207B2 /* Debug */,
				4743DD3719AEBC9E006207B2 /* Release */,
			);
			defaultConfigurationIsVisible = 0;
		};
/* End XCConfigurationList section */
	};
	rootObject = 4743DD0E19AEBC9E006207B2 /* Project object */;
}
